
Microsoft Visual Studio Solution File, Format Version 12.00
# Visual Studio 2012
Project("{FAE04EC0-301F-11D3-BF4B-00C04F79EFBC}") = "FlashCardApp", "FlashCardApp\FlashCardApp.csproj", "{5B46B822-A017-49F1-9104-DB90731DD339}"
EndProject
Project("{FAE04EC0-301F-11D3-BF4B-00C04F79EFBC}") = "FlashCardApp.Tests", "FlashCardApp.Tests\FlashCardApp.Tests.csproj", "{BBA778DC-A100-4603-85C0-216DF813062C}"
EndProject
Project("{FAE04EC0-301F-11D3-BF4B-00C04F79EFBC}") = "TranslationImporter", "TranslationImporter\TranslationImporter.csproj", "{818AF8B5-ADCB-4874-9736-B18703F5E97D}"
EndProject
Global
	GlobalSection(SolutionConfigurationPlatforms) = preSolution
		Debug|Any CPU = Debug|Any CPU
		Release|Any CPU = Release|Any CPU
	EndGlobalSection
	GlobalSection(ProjectConfigurationPlatforms) = postSolution
		{5B46B822-A017-49F1-9104-DB90731DD339}.Debug|Any CPU.ActiveCfg = Debug|Any CPU
		{5B46B822-A017-49F1-9104-DB90731DD339}.Debug|Any CPU.Build.0 = Debug|Any CPU
		{5B46B822-A017-49F1-9104-DB90731DD339}.Release|Any CPU.ActiveCfg = Release|Any CPU
		{5B46B822-A017-49F1-9104-DB90731DD339}.Release|Any CPU.Build.0 = Release|Any CPU
		{818AF8B5-ADCB-4874-9736-B18703F5E97D}.Debug|Any CPU.ActiveCfg = Debug|Any CPU
		{818AF8B5-ADCB-4874-9736-B18703F5E97D}.Debug|Any CPU.Build.0 = Debug|Any CPU
		{818AF8B5-ADCB-4874-9736-B18703F5E97D}.Release|Any CPU.ActiveCfg = Release|Any CPU
		{818AF8B5-ADCB-4874-9736-B18703F5E97D}.Release|Any CPU.Build.0 = Release|Any CPU
		{BBA778DC-A100-4603-85C0-216DF813062C}.Debug|Any CPU.ActiveCfg = Debug|Any CPU
		{BBA778DC-A100-4603-85C0-216DF813062C}.Debug|Any CPU.Build.0 = Debug|Any CPU
		{BBA778DC-A100-4603-85C0-216DF813062C}.Release|Any CPU.ActiveCfg = Release|Any CPU
		{BBA778DC-A100-4603-85C0-216DF813062C}.Release|Any CPU.Build.0 = Release|Any CPU
	EndGlobalSection
EndGlobal
